
Microsoft Visual Studio Solution File, Format Version 12.00
# Visual Studio Version 16
VisualStudioVersion = 16.0.30804.86
MinimumVisualStudioVersion = 10.0.40219.1
Project("{FAE04EC0-301F-11D3-BF4B-00C04F79EFBC}") = "web1app", "web1app\web1app.csproj", "{F6FD3880-D944-47C3-9770-4DDD0164EE76}"
EndProject
Global
	GlobalSection(SolutionConfigurationPlatforms) = preSolution
		Debug|Any CPU = Debug|Any CPU
		Release|Any CPU = Release|Any CPU
	EndGlobalSection
	GlobalSection(ProjectConfigurationPlatforms) = postSolution
		{F6FD3880-D944-47C3-9770-4DDD0164EE76}.Debug|Any CPU.ActiveCfg = Debug|Any CPU
		{F6FD3880-D944-47C3-9770-4DDD0164EE76}.Debug|Any CPU.Build.0 = Debug|Any CPU
		{F6FD3880-D944-47C3-9770-4DDD0164EE76}.Release|Any CPU.ActiveCfg = Release|Any CPU
		{F6FD3880-D944-47C3-9770-4DDD0164EE76}.Release|Any CPU.Build.0 = Release|Any CPU
	EndGlobalSection
	GlobalSection(SolutionProperties) = preSolution
		HideSolutionNode = FALSE
	EndGlobalSection
	GlobalSection(ExtensibilityGlobals) = postSolution
		SolutionGuid = {1E956D06-2B65-4D8E-A838-FAF80C242BAD}
	EndGlobalSection
EndGlobal
